
Microsoft Visual Studio Solution File, Format Version 12.00
Project("{2150E333-8FDC-42A3-9474-1A3956D46DE8}") = "src", "src", "{73E0D2A9-3A67-461F-A232-76C58E43CEBA}"
EndProject
Project("{2150E333-8FDC-42A3-9474-1A3956D46DE8}") = "tests", "tests", "{61616CDE-5248-48CB-B4F3-77C260596798}"
EndProject
Project("{2150E333-8FDC-42A3-9474-1A3956D46DE8}") = "Backend", "Backend", "{6F2FE278-A6B0-4BA8-AE56-CF6CEDAB7AA7}"
EndProject
Project("{2150E333-8FDC-42A3-9474-1A3956D46DE8}") = "Shared", "Shared", "{31192E19-52D8-459E-90F9-27B0C7B580D5}"
EndProject
Project("{FAE04EC0-301F-11D3-BF4B-00C04F79EFBC}") = "ProjetoLivro.Application", "src\Backend\ProjetoLivro.Application\ProjetoLivro.Application.csproj", "{948C9EC6-2576-47AD-ACFA-C9DFC88A5E0B}"
EndProject
Project("{FAE04EC0-301F-11D3-BF4B-00C04F79EFBC}") = "ProjetoLivro.Domain", "src\Backend\ProjetoLivro.Domain\ProjetoLivro.Domain.csproj", "{97DB1029-EDDE-48F8-90E8-0F3C92315539}"
EndProject
Project("{FAE04EC0-301F-11D3-BF4B-00C04F79EFBC}") = "ProjetoLivro.Infrastructure", "src\Backend\ProjetoLivro.Infrastructure\ProjetoLivro.Infrastructure.csproj", "{5762CD5A-FF61-41A0-8C35-D68D6A4043AE}"
EndProject
Project("{FAE04EC0-301F-11D3-BF4B-00C04F79EFBC}") = "ProjetoLivro.Api", "src\Backend\ProjetoLivro.Api\ProjetoLivro.Api.csproj", "{28E588E7-B016-4146-A129-1DE83B7A7D1B}"
EndProject
Project("{FAE04EC0-301F-11D3-BF4B-00C04F79EFBC}") = "ProjetoLivro.Comunicacao", "src\Shared\ProjetoLivro.Comunicacao\ProjetoLivro.Comunicacao.csproj", "{4DBAF512-D1BD-4BFE-9CFC-9BE1B33ED55E}"
EndProject
Project("{FAE04EC0-301F-11D3-BF4B-00C04F79EFBC}") = "ProjetoLivro.Exceptions", "src\Shared\ProjetoLivro.Exceptions\ProjetoLivro.Exceptions.csproj", "{E8382EB2-B86A-4F46-9C00-A89CC59EB12F}"
EndProject
Project("{FAE04EC0-301F-11D3-BF4B-00C04F79EFBC}") = "Validators.Test", "tests\Validators.Test\Validators.Test.csproj", "{87EA8816-631C-4962-8F6F-F7B9C1D9C7C4}"
EndProject
Project("{FAE04EC0-301F-11D3-BF4B-00C04F79EFBC}") = "UseCases.Test", "tests\UseCases.Test\UseCases.Test.csproj", "{58607CF3-C351-4CD4-890F-6C4569130C58}"
EndProject
Project("{FAE04EC0-301F-11D3-BF4B-00C04F79EFBC}") = "WebApi.Test", "tests\WebApi.Test\WebApi.Test.csproj", "{D836A6FA-CD74-400A-BD9B-6C963727E40D}"
EndProject
Global
	GlobalSection(SolutionConfigurationPlatforms) = preSolution
		Debug|Any CPU = Debug|Any CPU
		Release|Any CPU = Release|Any CPU
	EndGlobalSection
	GlobalSection(NestedProjects) = preSolution
		{6F2FE278-A6B0-4BA8-AE56-CF6CEDAB7AA7} = {73E0D2A9-3A67-461F-A232-76C58E43CEBA}
		{31192E19-52D8-459E-90F9-27B0C7B580D5} = {73E0D2A9-3A67-461F-A232-76C58E43CEBA}
		{948C9EC6-2576-47AD-ACFA-C9DFC88A5E0B} = {6F2FE278-A6B0-4BA8-AE56-CF6CEDAB7AA7}
		{97DB1029-EDDE-48F8-90E8-0F3C92315539} = {6F2FE278-A6B0-4BA8-AE56-CF6CEDAB7AA7}
		{5762CD5A-FF61-41A0-8C35-D68D6A4043AE} = {6F2FE278-A6B0-4BA8-AE56-CF6CEDAB7AA7}
		{28E588E7-B016-4146-A129-1DE83B7A7D1B} = {6F2FE278-A6B0-4BA8-AE56-CF6CEDAB7AA7}
		{4DBAF512-D1BD-4BFE-9CFC-9BE1B33ED55E} = {31192E19-52D8-459E-90F9-27B0C7B580D5}
		{E8382EB2-B86A-4F46-9C00-A89CC59EB12F} = {31192E19-52D8-459E-90F9-27B0C7B580D5}
		{87EA8816-631C-4962-8F6F-F7B9C1D9C7C4} = {61616CDE-5248-48CB-B4F3-77C260596798}
		{58607CF3-C351-4CD4-890F-6C4569130C58} = {61616CDE-5248-48CB-B4F3-77C260596798}
		{D836A6FA-CD74-400A-BD9B-6C963727E40D} = {61616CDE-5248-48CB-B4F3-77C260596798}
	EndGlobalSection
	GlobalSection(ProjectConfigurationPlatforms) = postSolution
		{948C9EC6-2576-47AD-ACFA-C9DFC88A5E0B}.Debug|Any CPU.ActiveCfg = Debug|Any CPU
		{948C9EC6-2576-47AD-ACFA-C9DFC88A5E0B}.Debug|Any CPU.Build.0 = Debug|Any CPU
		{948C9EC6-2576-47AD-ACFA-C9DFC88A5E0B}.Release|Any CPU.ActiveCfg = Release|Any CPU
		{948C9EC6-2576-47AD-ACFA-C9DFC88A5E0B}.Release|Any CPU.Build.0 = Release|Any CPU
		{97DB1029-EDDE-48F8-90E8-0F3C92315539}.Debug|Any CPU.ActiveCfg = Debug|Any CPU
		{97DB1029-EDDE-48F8-90E8-0F3C92315539}.Debug|Any CPU.Build.0 = Debug|Any CPU
		{97DB1029-EDDE-48F8-90E8-0F3C92315539}.Release|Any CPU.ActiveCfg = Release|Any CPU
		{97DB1029-EDDE-48F8-90E8-0F3C92315539}.Release|Any CPU.Build.0 = Release|Any CPU
		{5762CD5A-FF61-41A0-8C35-D68D6A4043AE}.Debug|Any CPU.ActiveCfg = Debug|Any CPU
		{5762CD5A-FF61-41A0-8C35-D68D6A4043AE}.Debug|Any CPU.Build.0 = Debug|Any CPU
		{5762CD5A-FF61-41A0-8C35-D68D6A4043AE}.Release|Any CPU.ActiveCfg = Release|Any CPU
		{5762CD5A-FF61-41A0-8C35-D68D6A4043AE}.Release|Any CPU.Build.0 = Release|Any CPU
		{28E588E7-B016-4146-A129-1DE83B7A7D1B}.Debug|Any CPU.ActiveCfg = Debug|Any CPU
		{28E588E7-B016-4146-A129-1DE83B7A7D1B}.Debug|Any CPU.Build.0 = Debug|Any CPU
		{28E588E7-B016-4146-A129-1DE83B7A7D1B}.Release|Any CPU.ActiveCfg = Release|Any CPU
		{28E588E7-B016-4146-A129-1DE83B7A7D1B}.Release|Any CPU.Build.0 = Release|Any CPU
		{4DBAF512-D1BD-4BFE-9CFC-9BE1B33ED55E}.Debug|Any CPU.ActiveCfg = Debug|Any CPU
		{4DBAF512-D1BD-4BFE-9CFC-9BE1B33ED55E}.Debug|Any CPU.Build.0 = Debug|Any CPU
		{4DBAF512-D1BD-4BFE-9CFC-9BE1B33ED55E}.Release|Any CPU.ActiveCfg = Release|Any CPU
		{4DBAF512-D1BD-4BFE-9CFC-9BE1B33ED55E}.Release|Any CPU.Build.0 = Release|Any CPU
		{E8382EB2-B86A-4F46-9C00-A89CC59EB12F}.Debug|Any CPU.ActiveCfg = Debug|Any CPU
		{E8382EB2-B86A-4F46-9C00-A89CC59EB12F}.Debug|Any CPU.Build.0 = Debug|Any CPU
		{E8382EB2-B86A-4F46-9C00-A89CC59EB12F}.Release|Any CPU.ActiveCfg = Release|Any CPU
		{E8382EB2-B86A-4F46-9C00-A89CC59EB12F}.Release|Any CPU.Build.0 = Release|Any CPU
		{87EA8816-631C-4962-8F6F-F7B9C1D9C7C4}.Debug|Any CPU.ActiveCfg = Debug|Any CPU
		{87EA8816-631C-4962-8F6F-F7B9C1D9C7C4}.Debug|Any CPU.Build.0 = Debug|Any CPU
		{87EA8816-631C-4962-8F6F-F7B9C1D9C7C4}.Release|Any CPU.ActiveCfg = Release|Any CPU
		{87EA8816-631C-4962-8F6F-F7B9C1D9C7C4}.Release|Any CPU.Build.0 = Release|Any CPU
		{58607CF3-C351-4CD4-890F-6C4569130C58}.Debug|Any CPU.ActiveCfg = Debug|Any CPU
		{58607CF3-C351-4CD4-890F-6C4569130C58}.Debug|Any CPU.Build.0 = Debug|Any CPU
		{58607CF3-C351-4CD4-890F-6C4569130C58}.Release|Any CPU.ActiveCfg = Release|Any CPU
		{58607CF3-C351-4CD4-890F-6C4569130C58}.Release|Any CPU.Build.0 = Release|Any CPU
		{D836A6FA-CD74-400A-BD9B-6C963727E40D}.Debug|Any CPU.ActiveCfg = Debug|Any CPU
		{D836A6FA-CD74-400A-BD9B-6C963727E40D}.Debug|Any CPU.Build.0 = Debug|Any CPU
		{D836A6FA-CD74-400A-BD9B-6C963727E40D}.Release|Any CPU.ActiveCfg = Release|Any CPU
		{D836A6FA-CD74-400A-BD9B-6C963727E40D}.Release|Any CPU.Build.0 = Release|Any CPU
	EndGlobalSection
EndGlobal
